{
  "name": "aot-fetch-demo-option-2",
  "version": "0.0.1",
  "lockfileVersion": 3,
  "requires": true,
  "packages": {
    "": {
      "name": "aot-fetch-demo-option-2",
      "version": "0.0.1",
      "devDependencies": {
        "mockaton": "13.15.0"
      }
    },
    "node_modules/mockaton": {
      "version": "13.15.0",
      "resolved": "https://registry.npmjs.org/mockaton/-/mockaton-13.15.0.tgz",
      "integrity": "sha512-KYBTvwoHfWfBNoTiy6ORcmIWx+SzXGFyhaCB5kqy5n7tjimbBlpx/euOE6aA2xbFvQeKzd17SRR+P9qaK92mig==",
      "dev": true,
      "license": "MIT",
      "bin": {
        "mockaton": "src/server/cli.js"
      },
      "engines": {
        "node": ">=22.18 <23 || >=23.6"
      }
    }
  }
}
